
Microsoft Visual Studio Solution File, Format Version 12.00
# Visual Studio Version 17
VisualStudioVersion = 17.1.32210.238
MinimumVisualStudioVersion = 10.0.40219.1
Project("{FAE04EC0-301F-11D3-BF4B-00C04F79EFBC}") = "TasK1", "TasK1\TasK1.csproj", "{5D85AB29-6B9D-4400-A3B3-753535EBA7DC}"
EndProject
Global
	GlobalSection(SolutionConfigurationPlatforms) = preSolution
		Debug|Any CPU = Debug|Any CPU
		Release|Any CPU = Release|Any CPU
	EndGlobalSection
	GlobalSection(ProjectConfigurationPlatforms) = postSolution
		{5D85AB29-6B9D-4400-A3B3-753535EBA7DC}.Debug|Any CPU.ActiveCfg = Debug|Any CPU
		{5D85AB29-6B9D-4400-A3B3-753535EBA7DC}.Debug|Any CPU.Build.0 = Debug|Any CPU
		{5D85AB29-6B9D-4400-A3B3-753535EBA7DC}.Release|Any CPU.ActiveCfg = Release|Any CPU
		{5D85AB29-6B9D-4400-A3B3-753535EBA7DC}.Release|Any CPU.Build.0 = Release|Any CPU
	EndGlobalSection
	GlobalSection(SolutionProperties) = preSolution
		HideSolutionNode = FALSE
	EndGlobalSection
	GlobalSection(ExtensibilityGlobals) = postSolution
		SolutionGuid = {553225F6-4E1E-4376-8F0E-CB1F244AC2DC}
	EndGlobalSection
EndGlobal
